
Microsoft Visual Studio Solution File, Format Version 12.00
# Visual Studio Version 16
VisualStudioVersion = 16.0.29306.81
MinimumVisualStudioVersion = 10.0.40219.1
Project("{8BC9CEB8-8B4A-11D0-8D11-00A0C91BC942}") = "Particles", "Particles\Particles.vcxproj", "{3C1FE218-66FC-4B92-8B12-2E8CCF8DDD16}"
	ProjectSection(ProjectDependencies) = postProject
		{45087328-C272-4BB6-BB09-95D899D2276A} = {45087328-C272-4BB6-BB09-95D899D2276A}
	EndProjectSection
EndProject
Project("{8BC9CEB8-8B4A-11D0-8D11-00A0C91BC942}") = "imgui", "imgui\imgui.vcxproj", "{45087328-C272-4BB6-BB09-95D899D2276A}"
EndProject
Global
	GlobalSection(SolutionConfigurationPlatforms) = preSolution
		Debug|x64 = Debug|x64
		Release|x64 = Release|x64
	EndGlobalSection
	GlobalSection(ProjectConfigurationPlatforms) = postSolution
		{3C1FE218-66FC-4B92-8B12-2E8CCF8DDD16}.Debug|x64.ActiveCfg = Debug|x64
		{3C1FE218-66FC-4B92-8B12-2E8CCF8DDD16}.Debug|x64.Build.0 = Debug|x64
		{3C1FE218-66FC-4B92-8B12-2E8CCF8DDD16}.Release|x64.ActiveCfg = Release|x64
		{3C1FE218-66FC-4B92-8B12-2E8CCF8DDD16}.Release|x64.Build.0 = Release|x64
		{45087328-C272-4BB6-BB09-95D899D2276A}.Debug|x64.ActiveCfg = Debug|x64
		{45087328-C272-4BB6-BB09-95D899D2276A}.Debug|x64.Build.0 = Debug|x64
		{45087328-C272-4BB6-BB09-95D899D2276A}.Release|x64.ActiveCfg = Release|x64
		{45087328-C272-4BB6-BB09-95D899D2276A}.Release|x64.Build.0 = Release|x64
	EndGlobalSection
	GlobalSection(SolutionProperties) = preSolution
		HideSolutionNode = FALSE
	EndGlobalSection
	GlobalSection(ExtensibilityGlobals) = postSolution
		SolutionGuid = {5C0C75D6-73F3-4453-8914-45A95CABA3F1}
	EndGlobalSection
EndGlobal
